
Microsoft Visual Studio Solution File, Format Version 12.00
# Visual Studio Version 17
VisualStudioVersion = 17.0.32126.317
MinimumVisualStudioVersion = 10.0.40219.1
Project("{FAE04EC0-301F-11D3-BF4B-00C04F79EFBC}") = "MudBlazorGolfers.Server", "Server\MudBlazorGolfers.Server.csproj", "{A3EBD3CF-533E-4D37-B7B0-95E3B53389BE}"
EndProject
Project("{FAE04EC0-301F-11D3-BF4B-00C04F79EFBC}") = "MudBlazorGolfers.Client", "Client\MudBlazorGolfers.Client.csproj", "{6B13E84A-1617-47EA-8918-F66A6FFB142D}"
EndProject
Project("{FAE04EC0-301F-11D3-BF4B-00C04F79EFBC}") = "MudBlazorGolfers.Shared", "Shared\MudBlazorGolfers.Shared.csproj", "{4FDC1F71-3024-4850-8EFB-6A49106BBD33}"
EndProject
Global
	GlobalSection(SolutionConfigurationPlatforms) = preSolution
		Debug|Any CPU = Debug|Any CPU
		Release|Any CPU = Release|Any CPU
	EndGlobalSection
	GlobalSection(ProjectConfigurationPlatforms) = postSolution
		{A3EBD3CF-533E-4D37-B7B0-95E3B53389BE}.Debug|Any CPU.ActiveCfg = Debug|Any CPU
		{A3EBD3CF-533E-4D37-B7B0-95E3B53389BE}.Debug|Any CPU.Build.0 = Debug|Any CPU
		{A3EBD3CF-533E-4D37-B7B0-95E3B53389BE}.Release|Any CPU.ActiveCfg = Release|Any CPU
		{A3EBD3CF-533E-4D37-B7B0-95E3B53389BE}.Release|Any CPU.Build.0 = Release|Any CPU
		{6B13E84A-1617-47EA-8918-F66A6FFB142D}.Debug|Any CPU.ActiveCfg = Debug|Any CPU
		{6B13E84A-1617-47EA-8918-F66A6FFB142D}.Debug|Any CPU.Build.0 = Debug|Any CPU
		{6B13E84A-1617-47EA-8918-F66A6FFB142D}.Release|Any CPU.ActiveCfg = Release|Any CPU
		{6B13E84A-1617-47EA-8918-F66A6FFB142D}.Release|Any CPU.Build.0 = Release|Any CPU
		{4FDC1F71-3024-4850-8EFB-6A49106BBD33}.Debug|Any CPU.ActiveCfg = Debug|Any CPU
		{4FDC1F71-3024-4850-8EFB-6A49106BBD33}.Debug|Any CPU.Build.0 = Debug|Any CPU
		{4FDC1F71-3024-4850-8EFB-6A49106BBD33}.Release|Any CPU.ActiveCfg = Release|Any CPU
		{4FDC1F71-3024-4850-8EFB-6A49106BBD33}.Release|Any CPU.Build.0 = Release|Any CPU
	EndGlobalSection
	GlobalSection(SolutionProperties) = preSolution
		HideSolutionNode = FALSE
	EndGlobalSection
	GlobalSection(ExtensibilityGlobals) = postSolution
		SolutionGuid = {D3D911CD-B7BA-495D-A515-1B3D91EA9C2C}
	EndGlobalSection
EndGlobal
